
Microsoft Visual Studio Solution File, Format Version 12.00
# Visual Studio 15
VisualStudioVersion = 15.0.28010.2041
MinimumVisualStudioVersion = 10.0.40219.1
Project("{FAE04EC0-301F-11D3-BF4B-00C04F79EFBC}") = "WpfApp4", "WpfApp4\WpfApp4.csproj", "{7E3BC393-1737-46DE-A4C9-EC4CA1E9F474}"
EndProject
Global
	GlobalSection(SolutionConfigurationPlatforms) = preSolution
		Debug|Any CPU = Debug|Any CPU
		Release|Any CPU = Release|Any CPU
	EndGlobalSection
	GlobalSection(ProjectConfigurationPlatforms) = postSolution
		{7E3BC393-1737-46DE-A4C9-EC4CA1E9F474}.Debug|Any CPU.ActiveCfg = Debug|Any CPU
		{7E3BC393-1737-46DE-A4C9-EC4CA1E9F474}.Debug|Any CPU.Build.0 = Debug|Any CPU
		{7E3BC393-1737-46DE-A4C9-EC4CA1E9F474}.Release|Any CPU.ActiveCfg = Release|Any CPU
		{7E3BC393-1737-46DE-A4C9-EC4CA1E9F474}.Release|Any CPU.Build.0 = Release|Any CPU
	EndGlobalSection
	GlobalSection(SolutionProperties) = preSolution
		HideSolutionNode = FALSE
	EndGlobalSection
	GlobalSection(ExtensibilityGlobals) = postSolution
		SolutionGuid = {4E3D088F-C19C-44A0-B8CB-056C41C2D45A}
	EndGlobalSection
EndGlobal
